Microsoft Visual Studio Solution File, Format Version 11.00
# Visual Studio 2008

Project("{5814CC9A-2051-E350-C371-C749D922684E}") = "SimpleSave", "Assembly-CSharp.csproj", "{51A2AD45-4223-0E6F-8C8F-592A14EA6FC8}"
EndProject
Project("{5814CC9A-2051-E350-C371-C749D922684E}") = "SimpleSave", "Assembly-CSharp-Editor.csproj", "{6948D110-B80F-1A41-6410-5CA1B7F087CC}"
EndProject
Global
	GlobalSection(SolutionConfigurationPlatforms) = preSolution
		Debug|Any CPU = Debug|Any CPU
		Release|Any CPU = Release|Any CPU
	EndGlobalSection
	GlobalSection(ProjectConfigurationPlatforms) = postSolution
		{51A2AD45-4223-0E6F-8C8F-592A14EA6FC8}.Debug|Any CPU.ActiveCfg = Debug|Any CPU
		{51A2AD45-4223-0E6F-8C8F-592A14EA6FC8}.Debug|Any CPU.Build.0 = Debug|Any CPU
		{51A2AD45-4223-0E6F-8C8F-592A14EA6FC8}.Release|Any CPU.ActiveCfg = Release|Any CPU
		{51A2AD45-4223-0E6F-8C8F-592A14EA6FC8}.Release|Any CPU.Build.0 = Release|Any CPU
		{6948D110-B80F-1A41-6410-5CA1B7F087CC}.Debug|Any CPU.ActiveCfg = Debug|Any CPU
		{6948D110-B80F-1A41-6410-5CA1B7F087CC}.Debug|Any CPU.Build.0 = Debug|Any CPU
		{6948D110-B80F-1A41-6410-5CA1B7F087CC}.Release|Any CPU.ActiveCfg = Release|Any CPU
		{6948D110-B80F-1A41-6410-5CA1B7F087CC}.Release|Any CPU.Build.0 = Release|Any CPU
	EndGlobalSection
	GlobalSection(SolutionProperties) = preSolution
		HideSolutionNode = FALSE
	EndGlobalSection
	GlobalSection(MonoDevelopProperties) = preSolution
		StartupItem = Assembly-CSharp.csproj
	EndGlobalSection
EndGlobal
